
Microsoft Visual Studio Solution File, Format Version 12.00
# Visual Studio Version 17
VisualStudioVersion = 17.9.34616.47
MinimumVisualStudioVersion = 10.0.40219.1
Project("{9A19103F-16F7-4668-BE54-9A1E7A4F7556}") = "OopsTask7", "OopsTask7.csproj", "{63838A98-DD5A-4903-89BF-96A2004C5CCB}"
EndProject
Global
	GlobalSection(SolutionConfigurationPlatforms) = preSolution
		Debug|Any CPU = Debug|Any CPU
		Release|Any CPU = Release|Any CPU
	EndGlobalSection
	GlobalSection(ProjectConfigurationPlatforms) = postSolution
		{63838A98-DD5A-4903-89BF-96A2004C5CCB}.Debug|Any CPU.ActiveCfg = Debug|Any CPU
		{63838A98-DD5A-4903-89BF-96A2004C5CCB}.Debug|Any CPU.Build.0 = Debug|Any CPU
		{63838A98-DD5A-4903-89BF-96A2004C5CCB}.Release|Any CPU.ActiveCfg = Release|Any CPU
		{63838A98-DD5A-4903-89BF-96A2004C5CCB}.Release|Any CPU.Build.0 = Release|Any CPU
	EndGlobalSection
	GlobalSection(SolutionProperties) = preSolution
		HideSolutionNode = FALSE
	EndGlobalSection
	GlobalSection(ExtensibilityGlobals) = postSolution
		SolutionGuid = {900C25BF-2DE4-472B-9C09-E3E98EF420DD}
	EndGlobalSection
EndGlobal
